
Microsoft Visual Studio Solution File, Format Version 12.00
# Visual Studio Version 17
VisualStudioVersion = 17.13.35919.96 d17.13
MinimumVisualStudioVersion = 10.0.40219.1
Project("{54A90642-561A-4BB1-A94E-469ADEE60C69}") = "simplifly.client", "simplifly.client\simplifly.client.esproj", "{F2079B96-E060-7974-E4B0-A2575F56D221}"
EndProject
Project("{FAE04EC0-301F-11D3-BF4B-00C04F79EFBC}") = "simplifly.Server", "simplifly.Server\simplifly.Server.csproj", "{DF888539-1121-4CFB-B6A5-76D70FB5B174}"
EndProject
Global
	GlobalSection(SolutionConfigurationPlatforms) = preSolution
		Debug|Any CPU = Debug|Any CPU
		Release|Any CPU = Release|Any CPU
	EndGlobalSection
	GlobalSection(ProjectConfigurationPlatforms) = postSolution
		{F2079B96-E060-7974-E4B0-A2575F56D221}.Debug|Any CPU.ActiveCfg = Debug|Any CPU
		{F2079B96-E060-7974-E4B0-A2575F56D221}.Debug|Any CPU.Build.0 = Debug|Any CPU
		{F2079B96-E060-7974-E4B0-A2575F56D221}.Debug|Any CPU.Deploy.0 = Debug|Any CPU
		{F2079B96-E060-7974-E4B0-A2575F56D221}.Release|Any CPU.ActiveCfg = Release|Any CPU
		{F2079B96-E060-7974-E4B0-A2575F56D221}.Release|Any CPU.Build.0 = Release|Any CPU
		{F2079B96-E060-7974-E4B0-A2575F56D221}.Release|Any CPU.Deploy.0 = Release|Any CPU
		{DF888539-1121-4CFB-B6A5-76D70FB5B174}.Debug|Any CPU.ActiveCfg = Debug|Any CPU
		{DF888539-1121-4CFB-B6A5-76D70FB5B174}.Debug|Any CPU.Build.0 = Debug|Any CPU
		{DF888539-1121-4CFB-B6A5-76D70FB5B174}.Release|Any CPU.ActiveCfg = Release|Any CPU
		{DF888539-1121-4CFB-B6A5-76D70FB5B174}.Release|Any CPU.Build.0 = Release|Any CPU
	EndGlobalSection
	GlobalSection(SolutionProperties) = preSolution
		HideSolutionNode = FALSE
	EndGlobalSection
	GlobalSection(ExtensibilityGlobals) = postSolution
		SolutionGuid = {243F05A8-D566-49BC-84F9-1BB216AEE237}
	EndGlobalSection
EndGlobal
