
Microsoft Visual Studio Solution File, Format Version 12.00
# Visual Studio Version 17
VisualStudioVersion = 17.13.35919.96 d17.13
MinimumVisualStudioVersion = 10.0.40219.1
Project("{FAE04EC0-301F-11D3-BF4B-00C04F79EFBC}") = "Case_Study", "Case_Study\Case_Study.csproj", "{145FF9CE-418B-4AB1-8785-1B1F5F12B240}"
EndProject
Global
	GlobalSection(SolutionConfigurationPlatforms) = preSolution
		Debug|Any CPU = Debug|Any CPU
		Release|Any CPU = Release|Any CPU
	EndGlobalSection
	GlobalSection(ProjectConfigurationPlatforms) = postSolution
		{145FF9CE-418B-4AB1-8785-1B1F5F12B240}.Debug|Any CPU.ActiveCfg = Debug|Any CPU
		{145FF9CE-418B-4AB1-8785-1B1F5F12B240}.Debug|Any CPU.Build.0 = Debug|Any CPU
		{145FF9CE-418B-4AB1-8785-1B1F5F12B240}.Release|Any CPU.ActiveCfg = Release|Any CPU
		{145FF9CE-418B-4AB1-8785-1B1F5F12B240}.Release|Any CPU.Build.0 = Release|Any CPU
	EndGlobalSection
	GlobalSection(SolutionProperties) = preSolution
		HideSolutionNode = FALSE
	EndGlobalSection
	GlobalSection(ExtensibilityGlobals) = postSolution
		SolutionGuid = {D3CA1471-14B4-4571-A7C2-A195B7BE4A32}
	EndGlobalSection
EndGlobal
